
Microsoft Visual Studio Solution File, Format Version 12.00
# Visual Studio Version 17
VisualStudioVersion = 17.2.32616.157
MinimumVisualStudioVersion = 10.0.40219.1
Project("{9A19103F-16F7-4668-BE54-9A1E7A4F7556}") = "OIVA_CSharp", "OIVA_CSharp\OIVA_CSharp.csproj", "{2115885C-2024-4A94-A074-961E03375DD9}"
EndProject
Global
	GlobalSection(SolutionConfigurationPlatforms) = preSolution
		Debug|Any CPU = Debug|Any CPU
		Debug|x86 = Debug|x86
		Release|Any CPU = Release|Any CPU
		Release|x86 = Release|x86
	EndGlobalSection
	GlobalSection(ProjectConfigurationPlatforms) = postSolution
		{2115885C-2024-4A94-A074-961E03375DD9}.Debug|Any CPU.ActiveCfg = Debug|x86
		{2115885C-2024-4A94-A074-961E03375DD9}.Debug|Any CPU.Build.0 = Debug|x86
		{2115885C-2024-4A94-A074-961E03375DD9}.Debug|x86.ActiveCfg = Debug|x86
		{2115885C-2024-4A94-A074-961E03375DD9}.Debug|x86.Build.0 = Debug|x86
		{2115885C-2024-4A94-A074-961E03375DD9}.Release|Any CPU.ActiveCfg = Release|x86
		{2115885C-2024-4A94-A074-961E03375DD9}.Release|Any CPU.Build.0 = Release|x86
		{2115885C-2024-4A94-A074-961E03375DD9}.Release|x86.ActiveCfg = Release|x86
		{2115885C-2024-4A94-A074-961E03375DD9}.Release|x86.Build.0 = Release|x86
	EndGlobalSection
	GlobalSection(SolutionProperties) = preSolution
		HideSolutionNode = FALSE
	EndGlobalSection
	GlobalSection(ExtensibilityGlobals) = postSolution
		SolutionGuid = {2DEC7DC0-6EE8-4B68-95D4-80FA4EAFADF1}
	EndGlobalSection
EndGlobal
